// !$*UTF8*$!
{
	archiveVersion = 1;
	classes = {
	};
	objectVersion = 56;
	objects = {

/* Begin PBXBuildFile section */
		E118450E295B5258009EF755 /* LoadingTableViewCell.swift in Sources */ = {isa = PBXBuildFile; fileRef = E118450C295B5258009EF755 /* LoadingTableViewCell.swift */; };
		E1184512295B532E009EF755 /* LoadingTableViewCell.xib in Resources */ = {isa = PBXBuildFile; fileRef = E1184511295B532E009EF755 /* LoadingTableViewCell.xib */; };
		E137C868295C36FE006F56A3 /* SwapiTableViewCell.xib in Resources */ = {isa = PBXBuildFile; fileRef = E137C867295C36FD006F56A3 /* SwapiTableViewCell.xib */; };
		E137C877295C9F98006F56A3 /* ListModelProtocol.swift in Sources */ = {isa = PBXBuildFile; fileRef = E137C876295C9F98006F56A3 /* ListModelProtocol.swift */; };
		E137C879295CA008006F56A3 /* ListModel.swift in Sources */ = {isa = PBXBuildFile; fileRef = E137C878295CA008006F56A3 /* ListModel.swift */; };
		E137C87B295CA254006F56A3 /* ListViewProtocol.swift in Sources */ = {isa = PBXBuildFile; fileRef = E137C87A295CA254006F56A3 /* ListViewProtocol.swift */; };
		E137C87D295CA433006F56A3 /* ListView.swift in Sources */ = {isa = PBXBuildFile; fileRef = E137C87C295CA433006F56A3 /* ListView.swift */; };
		E137C881295CAACA006F56A3 /* ListView.xib in Resources */ = {isa = PBXBuildFile; fileRef = E137C880295CAACA006F56A3 /* ListView.xib */; };
		E137C889295DDBD2006F56A3 /* DetailModelProtocol.swift in Sources */ = {isa = PBXBuildFile; fileRef = E137C888295DDBD2006F56A3 /* DetailModelProtocol.swift */; };
		E137C88B295DDBF1006F56A3 /* DetailModel.swift in Sources */ = {isa = PBXBuildFile; fileRef = E137C88A295DDBF1006F56A3 /* DetailModel.swift */; };
		E137C88E295DE0AD006F56A3 /* DetailViewProtocol.swift in Sources */ = {isa = PBXBuildFile; fileRef = E137C88D295DE0AD006F56A3 /* DetailViewProtocol.swift */; };
		E137C890295DE110006F56A3 /* DetailView.swift in Sources */ = {isa = PBXBuildFile; fileRef = E137C88F295DE110006F56A3 /* DetailView.swift */; };
		E137C892295DE148006F56A3 /* DetailView.xib in Resources */ = {isa = PBXBuildFile; fileRef = E137C891295DE148006F56A3 /* DetailView.xib */; };
		E1564DA229545D2E00BD004A /* AppDelegate.swift in Sources */ = {isa = PBXBuildFile; fileRef = E1564DA129545D2E00BD004A /* AppDelegate.swift */; };
		E1564DA429545D2E00BD004A /* SceneDelegate.swift in Sources */ = {isa = PBXBuildFile; fileRef = E1564DA329545D2E00BD004A /* SceneDelegate.swift */; };
		E1564DA929545D2E00BD004A /* Main.storyboard in Resources */ = {isa = PBXBuildFile; fileRef = E1564DA729545D2E00BD004A /* Main.storyboard */; };
		E1564DAB29545D3500BD004A /* Assets.xcassets in Resources */ = {isa = PBXBuildFile; fileRef = E1564DAA29545D3500BD004A /* Assets.xcassets */; };
		E1564DAE29545D3500BD004A /* LaunchScreen.storyboard in Resources */ = {isa = PBXBuildFile; fileRef = E1564DAC29545D3500BD004A /* LaunchScreen.storyboard */; };
		E1564DDD2954641800BD004A /* ListViewController.swift in Sources */ = {isa = PBXBuildFile; fileRef = E1564DDB2954641800BD004A /* ListViewController.swift */; };
		E1D025A5295472C900239401 /* .swiftlint.yml in Resources */ = {isa = PBXBuildFile; fileRef = E1D025A4295472C900239401 /* .swiftlint.yml */; };
		E1D025A72954782C00239401 /* DataProvider.swift in Sources */ = {isa = PBXBuildFile; fileRef = E1D025A62954782C00239401 /* DataProvider.swift */; };
		E1D025AB2954AA8F00239401 /* Person.swift in Sources */ = {isa = PBXBuildFile; fileRef = E1D025AA2954AA8F00239401 /* Person.swift */; };
		E1D025AD2954CBDE00239401 /* ListViewController+UITableViewDataSource.swift in Sources */ = {isa = PBXBuildFile; fileRef = E1D025AC2954CBDE00239401 /* ListViewController+UITableViewDataSource.swift */; };
		E1D025AF2954CBEA00239401 /* ListViewController+UITableViewDelegate.swift in Sources */ = {isa = PBXBuildFile; fileRef = E1D025AE2954CBEA00239401 /* ListViewController+UITableViewDelegate.swift */; };
		E1D025B52955C8A800239401 /* SwapiTableViewCell.swift in Sources */ = {isa = PBXBuildFile; fileRef = E1D025B32955C8A800239401 /* SwapiTableViewCell.swift */; };
		E1D025BA2955FC3E00239401 /* DetailViewController.swift in Sources */ = {isa = PBXBuildFile; fileRef = E1D025B82955FC3E00239401 /* DetailViewController.swift */; };
/* End PBXBuildFile section */

/* Begin PBXContainerItemProxy section */
		E137C871295C37D0006F56A3 /* PBXContainerItemProxy */ = {
			isa = PBXContainerItemProxy;
			containerPortal = E1564D9629545D2E00BD004A /* Project object */;
			proxyType = 1;
			remoteGlobalIDString = E1564D9D29545D2E00BD004A;
			remoteInfo = "Swapi-MVC";
		};
/* End PBXContainerItemProxy section */

/* Begin PBXFileReference section */
		E118450C295B5258009EF755 /* LoadingTableViewCell.swift */ = {isa = PBXFileReference; lastKnownFileType = sourcecode.swift; path = LoadingTableViewCell.swift; sourceTree = "<group>"; };
		E1184511295B532E009EF755 /* LoadingTableViewCell.xib */ = {isa = PBXFileReference; lastKnownFileType = file.xib; path = LoadingTableViewCell.xib; sourceTree = "<group>"; };
		E137C867295C36FD006F56A3 /* SwapiTableViewCell.xib */ = {isa = PBXFileReference; fileEncoding = 4; lastKnownFileType = file.xib; path = SwapiTableViewCell.xib; sourceTree = "<group>"; };
		E137C86D295C37D0006F56A3 /* Swapi-MVCTests.xctest */ = {isa = PBXFileReference; explicitFileType = wrapper.cfbundle; includeInIndex = 0; path = "Swapi-MVCTests.xctest"; sourceTree = BUILT_PRODUCTS_DIR; };
		E137C876295C9F98006F56A3 /* ListModelProtocol.swift */ = {isa = PBXFileReference; lastKnownFileType = sourcecode.swift; path = ListModelProtocol.swift; sourceTree = "<group>"; };
		E137C878295CA008006F56A3 /* ListModel.swift */ = {isa = PBXFileReference; lastKnownFileType = sourcecode.swift; path = ListModel.swift; sourceTree = "<group>"; };
		E137C87A295CA254006F56A3 /* ListViewProtocol.swift */ = {isa = PBXFileReference; lastKnownFileType = sourcecode.swift; path = ListViewProtocol.swift; sourceTree = "<group>"; };
		E137C87C295CA433006F56A3 /* ListView.swift */ = {isa = PBXFileReference; lastKnownFileType = sourcecode.swift; path = ListView.swift; sourceTree = "<group>"; };
		E137C880295CAACA006F56A3 /* ListView.xib */ = {isa = PBXFileReference; lastKnownFileType = file.xib; path = ListView.xib; sourceTree = "<group>"; };
		E137C888295DDBD2006F56A3 /* DetailModelProtocol.swift */ = {isa = PBXFileReference; lastKnownFileType = sourcecode.swift; path = DetailModelProtocol.swift; sourceTree = "<group>"; };
		E137C88A295DDBF1006F56A3 /* DetailModel.swift */ = {isa = PBXFileReference; lastKnownFileType = sourcecode.swift; path = DetailModel.swift; sourceTree = "<group>"; };
		E137C88D295DE0AD006F56A3 /* DetailViewProtocol.swift */ = {isa = PBXFileReference; lastKnownFileType = sourcecode.swift; path = DetailViewProtocol.swift; sourceTree = "<group>"; };
		E137C88F295DE110006F56A3 /* DetailView.swift */ = {isa = PBXFileReference; lastKnownFileType = sourcecode.swift; path = DetailView.swift; sourceTree = "<group>"; };
		E137C891295DE148006F56A3 /* DetailView.xib */ = {isa = PBXFileReference; lastKnownFileType = file.xib; path = DetailView.xib; sourceTree = "<group>"; };
		E1564D9E29545D2E00BD004A /* Swapi-MVC.app */ = {isa = PBXFileReference; explicitFileType = wrapper.application; includeInIndex = 0; path = "Swapi-MVC.app"; sourceTree = BUILT_PRODUCTS_DIR; };
		E1564DA129545D2E00BD004A /* AppDelegate.swift */ = {isa = PBXFileReference; lastKnownFileType = sourcecode.swift; path = AppDelegate.swift; sourceTree = "<group>"; };
		E1564DA329545D2E00BD004A /* SceneDelegate.swift */ = {isa = PBXFileReference; lastKnownFileType = sourcecode.swift; path = SceneDelegate.swift; sourceTree = "<group>"; };
		E1564DA829545D2E00BD004A /* Base */ = {isa = PBXFileReference; lastKnownFileType = file.storyboard; name = Base; path = Base.lproj/Main.storyboard; sourceTree = "<group>"; };
		E1564DAA29545D3500BD004A /* Assets.xcassets */ = {isa = PBXFileReference; lastKnownFileType = folder.assetcatalog; path = Assets.xcassets; sourceTree = "<group>"; };
		E1564DAD29545D3500BD004A /* Base */ = {isa = PBXFileReference; lastKnownFileType = file.storyboard; name = Base; path = Base.lproj/LaunchScreen.storyboard; sourceTree = "<group>"; };
		E1564DAF29545D3500BD004A /* Info.plist */ = {isa = PBXFileReference; lastKnownFileType = text.plist.xml; path = Info.plist; sourceTree = "<group>"; };
		E1564DDB2954641800BD004A /* ListViewController.swift */ = {isa = PBXFileReference; lastKnownFileType = sourcecode.swift; path = ListViewController.swift; sourceTree = "<group>"; };
		E1D025A4295472C900239401 /* .swiftlint.yml */ = {isa = PBXFileReference; lastKnownFileType = text.yaml; path = .swiftlint.yml; sourceTree = "<group>"; };
		E1D025A62954782C00239401 /* DataProvider.swift */ = {isa = PBXFileReference; lastKnownFileType = sourcecode.swift; path = DataProvider.swift; sourceTree = "<group>"; };
		E1D025AA2954AA8F00239401 /* Person.swift */ = {isa = PBXFileReference; lastKnownFileType = sourcecode.swift; path = Person.swift; sourceTree = "<group>"; };
		E1D025AC2954CBDE00239401 /* ListViewController+UITableViewDataSource.swift */ = {isa = PBXFileReference; lastKnownFileType = sourcecode.swift; path = "ListViewController+UITableViewDataSource.swift"; sourceTree = "<group>"; };
		E1D025AE2954CBEA00239401 /* ListViewController+UITableViewDelegate.swift */ = {isa = PBXFileReference; lastKnownFileType = sourcecode.swift; path = "ListViewController+UITableViewDelegate.swift"; sourceTree = "<group>"; };
		E1D025B32955C8A800239401 /* SwapiTableViewCell.swift */ = {isa = PBXFileReference; lastKnownFileType = sourcecode.swift; path = SwapiTableViewCell.swift; sourceTree = "<group>"; };
		E1D025B82955FC3E00239401 /* DetailViewController.swift */ = {isa = PBXFileReference; lastKnownFileType = sourcecode.swift; path = DetailViewController.swift; sourceTree = "<group>"; };
/* End PBXFileReference section */

/* Begin PBXFrameworksBuildPhase section */
		E137C86A295C37D0006F56A3 /* Frameworks */ = {
			isa = PBXFrameworksBuildPhase;
			buildActionMask = 2147483647;
			files = (
			);
			runOnlyForDeploymentPostprocessing = 0;
		};
		E1564D9B29545D2E00BD004A /* Frameworks */ = {
			isa = PBXFrameworksBuildPhase;
			buildActionMask = 2147483647;
			files = (
			);
			runOnlyForDeploymentPostprocessing = 0;
		};
/* End PBXFrameworksBuildPhase section */

/* Begin PBXGroup section */
		81A3FFBE889D20220D34624F /* Pods */ = {
			isa = PBXGroup;
			children = (
			);
			path = Pods;
			sourceTree = "<group>";
		};
		E1184510295B528E009EF755 /* LoadingTableViewCell */ = {
			isa = PBXGroup;
			children = (
				E118450C295B5258009EF755 /* LoadingTableViewCell.swift */,
				E1184511295B532E009EF755 /* LoadingTableViewCell.xib */,
			);
			path = LoadingTableViewCell;
			sourceTree = "<group>";
		};
		E137C882295DD922006F56A3 /* List */ = {
			isa = PBXGroup;
			children = (
				E137C87A295CA254006F56A3 /* ListViewProtocol.swift */,
				E137C87C295CA433006F56A3 /* ListView.swift */,
				E137C880295CAACA006F56A3 /* ListView.xib */,
			);
			path = List;
			sourceTree = "<group>";
		};
		E137C883295DDA9B006F56A3 /* List */ = {
			isa = PBXGroup;
			children = (
				E137C876295C9F98006F56A3 /* ListModelProtocol.swift */,
				E137C878295CA008006F56A3 /* ListModel.swift */,
			);
			path = List;
			sourceTree = "<group>";
		};
		E137C884295DDAC3006F56A3 /* API */ = {
			isa = PBXGroup;
			children = (
				E137C886295DDB6A006F56A3 /* Objects */,
				E137C885295DDB5B006F56A3 /* Providers */,
			);
			path = API;
			sourceTree = "<group>";
		};
		E137C885295DDB5B006F56A3 /* Providers */ = {
			isa = PBXGroup;
			children = (
				E1D025A62954782C00239401 /* DataProvider.swift */,
			);
			path = Providers;
			sourceTree = "<group>";
		};
		E137C886295DDB6A006F56A3 /* Objects */ = {
			isa = PBXGroup;
			children = (
				E1D025AA2954AA8F00239401 /* Person.swift */,
			);
			path = Objects;
			sourceTree = "<group>";
		};
		E137C887295DDBC1006F56A3 /* Detail */ = {
			isa = PBXGroup;
			children = (
				E137C888295DDBD2006F56A3 /* DetailModelProtocol.swift */,
				E137C88A295DDBF1006F56A3 /* DetailModel.swift */,
			);
			path = Detail;
			sourceTree = "<group>";
		};
		E137C88C295DE0A3006F56A3 /* Detail */ = {
			isa = PBXGroup;
			children = (
				E137C88D295DE0AD006F56A3 /* DetailViewProtocol.swift */,
				E137C88F295DE110006F56A3 /* DetailView.swift */,
				E137C891295DE148006F56A3 /* DetailView.xib */,
			);
			path = Detail;
			sourceTree = "<group>";
		};
		E1564D9529545D2E00BD004A = {
			isa = PBXGroup;
			children = (
				E1564DA029545D2E00BD004A /* Swapi-MVC */,
				E1564D9F29545D2E00BD004A /* Products */,
				81A3FFBE889D20220D34624F /* Pods */,
			);
			sourceTree = "<group>";
		};
		E1564D9F29545D2E00BD004A /* Products */ = {
			isa = PBXGroup;
			children = (
				E1564D9E29545D2E00BD004A /* Swapi-MVC.app */,
				E137C86D295C37D0006F56A3 /* Swapi-MVCTests.xctest */,
			);
			name = Products;
			sourceTree = "<group>";
		};
		E1564DA029545D2E00BD004A /* Swapi-MVC */ = {
			isa = PBXGroup;
			children = (
				E137C884295DDAC3006F56A3 /* API */,
				E1564DD72954604200BD004A /* Views */,
				E1564DD62954603800BD004A /* Models */,
				E1564DD52954600800BD004A /* Controllers */,
				E1564DA729545D2E00BD004A /* Main.storyboard */,
				E1564DAA29545D3500BD004A /* Assets.xcassets */,
				E1564DAC29545D3500BD004A /* LaunchScreen.storyboard */,
				E1564DAF29545D3500BD004A /* Info.plist */,
				E1D025A4295472C900239401 /* .swiftlint.yml */,
			);
			path = "Swapi-MVC";
			sourceTree = "<group>";
		};
		E1564DD52954600800BD004A /* Controllers */ = {
			isa = PBXGroup;
			children = (
				E1564DDA295461A100BD004A /* List */,
				E1564DD92954615700BD004A /* App */,
				E1D025BC2955FC4400239401 /* Detail */,
			);
			path = Controllers;
			sourceTree = "<group>";
		};
		E1564DD62954603800BD004A /* Models */ = {
			isa = PBXGroup;
			children = (
				E137C887295DDBC1006F56A3 /* Detail */,
				E137C883295DDA9B006F56A3 /* List */,
			);
			path = Models;
			sourceTree = "<group>";
		};
		E1564DD72954604200BD004A /* Views */ = {
			isa = PBXGroup;
			children = (
				E137C88C295DE0A3006F56A3 /* Detail */,
				E1D025B72955C8AC00239401 /* SwapiTableViewCell */,
				E1184510295B528E009EF755 /* LoadingTableViewCell */,
				E137C882295DD922006F56A3 /* List */,
			);
			path = Views;
			sourceTree = "<group>";
		};
		E1564DD92954615700BD004A /* App */ = {
			isa = PBXGroup;
			children = (
				E1564DA329545D2E00BD004A /* SceneDelegate.swift */,
				E1564DA129545D2E00BD004A /* AppDelegate.swift */,
			);
			path = App;
			sourceTree = "<group>";
		};
		E1564DDA295461A100BD004A /* List */ = {
			isa = PBXGroup;
			children = (
				E1564DDB2954641800BD004A /* ListViewController.swift */,
				E1D025AC2954CBDE00239401 /* ListViewController+UITableViewDataSource.swift */,
				E1D025AE2954CBEA00239401 /* ListViewController+UITableViewDelegate.swift */,
			);
			path = List;
			sourceTree = "<group>";
		};
		E1D025B72955C8AC00239401 /* SwapiTableViewCell */ = {
			isa = PBXGroup;
			children = (
				E1D025B32955C8A800239401 /* SwapiTableViewCell.swift */,
				E137C867295C36FD006F56A3 /* SwapiTableViewCell.xib */,
			);
			path = SwapiTableViewCell;
			sourceTree = "<group>";
		};
		E1D025BC2955FC4400239401 /* Detail */ = {
			isa = PBXGroup;
			children = (
				E1D025B82955FC3E00239401 /* DetailViewController.swift */,
			);
			path = Detail;
			sourceTree = "<group>";
		};
/* End PBXGroup section */

/* Begin PBXNativeTarget section */
		E137C86C295C37D0006F56A3 /* Swapi-MVCTests */ = {
			isa = PBXNativeTarget;
			buildConfigurationList = E137C873295C37D0006F56A3 /* Build configuration list for PBXNativeTarget "Swapi-MVCTests" */;
			buildPhases = (
				E137C869295C37D0006F56A3 /* Sources */,
				E137C86A295C37D0006F56A3 /* Frameworks */,
				E137C86B295C37D0006F56A3 /* Resources */,
			);
			buildRules = (
			);
			dependencies = (
				E137C872295C37D0006F56A3 /* PBXTargetDependency */,
			);
			name = "Swapi-MVCTests";
			productName = "Swapi-MVCTests";
			productReference = E137C86D295C37D0006F56A3 /* Swapi-MVCTests.xctest */;
			productType = "com.apple.product-type.bundle.unit-test";
		};
		E1564D9D29545D2E00BD004A /* Swapi-MVC */ = {
			isa = PBXNativeTarget;
			buildConfigurationList = E1564DB229545D3500BD004A /* Build configuration list for PBXNativeTarget "Swapi-MVC" */;
			buildPhases = (
				E1564D9A29545D2E00BD004A /* Sources */,
				E1564D9B29545D2E00BD004A /* Frameworks */,
				E1564D9C29545D2E00BD004A /* Resources */,
				E1564DDF2954668900BD004A /* Lint */,
			);
			buildRules = (
			);
			dependencies = (
			);
			name = "Swapi-MVC";
			productName = "Swapi-MVC";
			productReference = E1564D9E29545D2E00BD004A /* Swapi-MVC.app */;
			productType = "com.apple.product-type.application";
		};
/* End PBXNativeTarget section */

/* Begin PBXProject section */
		E1564D9629545D2E00BD004A /* Project object */ = {
			isa = PBXProject;
			attributes = {
				BuildIndependentTargetsInParallel = 1;
				LastSwiftUpdateCheck = 1420;
				LastUpgradeCheck = 1420;
				TargetAttributes = {
					E137C86C295C37D0006F56A3 = {
						CreatedOnToolsVersion = 14.2;
						TestTargetID = E1564D9D29545D2E00BD004A;
					};
					E1564D9D29545D2E00BD004A = {
						CreatedOnToolsVersion = 14.2;
					};
				};
			};
			buildConfigurationList = E1564D9929545D2E00BD004A /* Build configuration list for PBXProject "Swapi-MVC" */;
			compatibilityVersion = "Xcode 14.0";
			developmentRegion = en;
			hasScannedForEncodings = 0;
			knownRegions = (
				en,
				Base,
			);
			mainGroup = E1564D9529545D2E00BD004A;
			productRefGroup = E1564D9F29545D2E00BD004A /* Products */;
			projectDirPath = "";
			projectRoot = "";
			targets = (
				E1564D9D29545D2E00BD004A /* Swapi-MVC */,
				E137C86C295C37D0006F56A3 /* Swapi-MVCTests */,
			);
		};
/* End PBXProject section */

/* Begin PBXResourcesBuildPhase section */
		E137C86B295C37D0006F56A3 /* Resources */ = {
			isa = PBXResourcesBuildPhase;
			buildActionMask = 2147483647;
			files = (
			);
			runOnlyForDeploymentPostprocessing = 0;
		};
		E1564D9C29545D2E00BD004A /* Resources */ = {
			isa = PBXResourcesBuildPhase;
			buildActionMask = 2147483647;
			files = (
				E137C892295DE148006F56A3 /* DetailView.xib in Resources */,
				E1D025A5295472C900239401 /* .swiftlint.yml in Resources */,
				E1564DAE29545D3500BD004A /* LaunchScreen.storyboard in Resources */,
				E1184512295B532E009EF755 /* LoadingTableViewCell.xib in Resources */,
				E137C881295CAACA006F56A3 /* ListView.xib in Resources */,
				E1564DAB29545D3500BD004A /* Assets.xcassets in Resources */,
				E137C868295C36FE006F56A3 /* SwapiTableViewCell.xib in Resources */,
				E1564DA929545D2E00BD004A /* Main.storyboard in Resources */,
			);
			runOnlyForDeploymentPostprocessing = 0;
		};
/* End PBXResourcesBuildPhase section */

/* Begin PBXShellScriptBuildPhase section */
		E1564DDF2954668900BD004A /* Lint */ = {
			isa = PBXShellScriptBuildPhase;
			alwaysOutOfDate = 1;
			buildActionMask = 2147483647;
			files = (
			);
			inputFileListPaths = (
			);
			inputPaths = (
			);
			name = Lint;
			outputFileListPaths = (
			);
			outputPaths = (
			);
			runOnlyForDeploymentPostprocessing = 0;
			shellPath = /bin/sh;
			shellScript = "if test -d \"/opt/homebrew/bin/\"; then\n  PATH=\"/opt/homebrew/bin/:${PATH}\"\nfi\n\nexport PATH\n\nif which swiftlint >/dev/null; then\n  swiftlint --fix\n  swiftlint\nelse\n  echo \"warning: SwiftLint not installed, download from https://github.com/realm/SwiftLint\"\nfi\n";
		};
/* End PBXShellScriptBuildPhase section */

/* Begin PBXSourcesBuildPhase section */
		E137C869295C37D0006F56A3 /* Sources */ = {
			isa = PBXSourcesBuildPhase;
			buildActionMask = 2147483647;
			files = (
			);
			runOnlyForDeploymentPostprocessing = 0;
		};
		E1564D9A29545D2E00BD004A /* Sources */ = {
			isa = PBXSourcesBuildPhase;
			buildActionMask = 2147483647;
			files = (
				E137C88B295DDBF1006F56A3 /* DetailModel.swift in Sources */,
				E137C890295DE110006F56A3 /* DetailView.swift in Sources */,
				E137C87B295CA254006F56A3 /* ListViewProtocol.swift in Sources */,
				E137C889295DDBD2006F56A3 /* DetailModelProtocol.swift in Sources */,
				E137C877295C9F98006F56A3 /* ListModelProtocol.swift in Sources */,
				E118450E295B5258009EF755 /* LoadingTableViewCell.swift in Sources */,
				E1D025BA2955FC3E00239401 /* DetailViewController.swift in Sources */,
				E137C879295CA008006F56A3 /* ListModel.swift in Sources */,
				E1D025AB2954AA8F00239401 /* Person.swift in Sources */,
				E1564DA229545D2E00BD004A /* AppDelegate.swift in Sources */,
				E137C88E295DE0AD006F56A3 /* DetailViewProtocol.swift in Sources */,
				E1D025B52955C8A800239401 /* SwapiTableViewCell.swift in Sources */,
				E1564DA429545D2E00BD004A /* SceneDelegate.swift in Sources */,
				E1D025A72954782C00239401 /* DataProvider.swift in Sources */,
				E137C87D295CA433006F56A3 /* ListView.swift in Sources */,
				E1564DDD2954641800BD004A /* ListViewController.swift in Sources */,
				E1D025AF2954CBEA00239401 /* ListViewController+UITableViewDelegate.swift in Sources */,
				E1D025AD2954CBDE00239401 /* ListViewController+UITableViewDataSource.swift in Sources */,
			);
			runOnlyForDeploymentPostprocessing = 0;
		};
/* End PBXSourcesBuildPhase section */

/* Begin PBXTargetDependency section */
		E137C872295C37D0006F56A3 /* PBXTargetDependency */ = {
			isa = PBXTargetDependency;
			target = E1564D9D29545D2E00BD004A /* Swapi-MVC */;
			targetProxy = E137C871295C37D0006F56A3 /* PBXContainerItemProxy */;
		};
/* End PBXTargetDependency section */

/* Begin PBXVariantGroup section */
		E1564DA729545D2E00BD004A /* Main.storyboard */ = {
			isa = PBXVariantGroup;
			children = (
				E1564DA829545D2E00BD004A /* Base */,
			);
			name = Main.storyboard;
			sourceTree = "<group>";
		};
		E1564DAC29545D3500BD004A /* LaunchScreen.storyboard */ = {
			isa = PBXVariantGroup;
			children = (
				E1564DAD29545D3500BD004A /* Base */,
			);
			name = LaunchScreen.storyboard;
			sourceTree = "<group>";
		};
/* End PBXVariantGroup section */

/* Begin XCBuildConfiguration section */
		E137C874295C37D0006F56A3 /* Debug */ = {
			isa = XCBuildConfiguration;
			buildSettings = {
				BUNDLE_LOADER = "$(TEST_HOST)";
				CODE_SIGN_STYLE = Automatic;
				CURRENT_PROJECT_VERSION = 1;
				DEVELOPMENT_TEAM = GTTH75B5CS;
				GENERATE_INFOPLIST_FILE = YES;
				MARKETING_VERSION = 1.0;
				PRODUCT_BUNDLE_IDENTIFIER = "jj.Swapi-MVCTests";
				PRODUCT_NAME = "$(TARGET_NAME)";
				SWIFT_EMIT_LOC_STRINGS = NO;
				SWIFT_VERSION = 5.0;
				TARGETED_DEVICE_FAMILY = "1,2";
				TEST_HOST = "$(BUILT_PRODUCTS_DIR)/Swapi-MVC.app/$(BUNDLE_EXECUTABLE_FOLDER_PATH)/Swapi-MVC";
			};
			name = Debug;
		};
		E137C875295C37D0006F56A3 /* Release */ = {
			isa = XCBuildConfiguration;
			buildSettings = {
				BUNDLE_LOADER = "$(TEST_HOST)";
				CODE_SIGN_STYLE = Automatic;
				CURRENT_PROJECT_VERSION = 1;
				DEVELOPMENT_TEAM = GTTH75B5CS;
				GENERATE_INFOPLIST_FILE = YES;
				MARKETING_VERSION = 1.0;
				PRODUCT_BUNDLE_IDENTIFIER = "jj.Swapi-MVCTests";
				PRODUCT_NAME = "$(TARGET_NAME)";
				SWIFT_EMIT_LOC_STRINGS = NO;
				SWIFT_VERSION = 5.0;
				TARGETED_DEVICE_FAMILY = "1,2";
				TEST_HOST = "$(BUILT_PRODUCTS_DIR)/Swapi-MVC.app/$(BUNDLE_EXECUTABLE_FOLDER_PATH)/Swapi-MVC";
			};
			name = Release;
		};
		E1564DB029545D3500BD004A /* Debug */ = {
			isa = XCBuildConfiguration;
			buildSettings = {
				ALWAYS_SEARCH_USER_PATHS = NO;
				CLANG_ANALYZER_NONNULL = YES;
				CLANG_ANALYZER_NUMBER_OBJECT_CONVERSION = YES_AGGRESSIVE;
				CLANG_CXX_LANGUAGE_STANDARD = "gnu++20";
				CLANG_ENABLE_MODULES = YES;
				CLANG_ENABLE_OBJC_ARC = YES;
				CLANG_ENABLE_OBJC_WEAK = YES;
				CLANG_WARN_BLOCK_CAPTURE_AUTORELEASING = YES;
				CLANG_WARN_BOOL_CONVERSION = YES;
				CLANG_WARN_COMMA = YES;
				CLANG_WARN_CONSTANT_CONVERSION = YES;
				CLANG_WARN_DEPRECATED_OBJC_IMPLEMENTATIONS = YES;
				CLANG_WARN_DIRECT_OBJC_ISA_USAGE = YES_ERROR;
				CLANG_WARN_DOCUMENTATION_COMMENTS = YES;
				CLANG_WARN_EMPTY_BODY = YES;
				CLANG_WARN_ENUM_CONVERSION = YES;
				CLANG_WARN_INFINITE_RECURSION = YES;
				CLANG_WARN_INT_CONVERSION = YES;
				CLANG_WARN_NON_LITERAL_NULL_CONVERSION = YES;
				CLANG_WARN_OBJC_IMPLICIT_RETAIN_SELF = YES;
				CLANG_WARN_OBJC_LITERAL_CONVERSION = YES;
				CLANG_WARN_OBJC_ROOT_CLASS = YES_ERROR;
				CLANG_WARN_QUOTED_INCLUDE_IN_FRAMEWORK_HEADER = YES;
				CLANG_WARN_RANGE_LOOP_ANALYSIS = YES;
				CLANG_WARN_STRICT_PROTOTYPES = YES;
				CLANG_WARN_SUSPICIOUS_MOVE = YES;
				CLANG_WARN_UNGUARDED_AVAILABILITY = YES_AGGRESSIVE;
				CLANG_WARN_UNREACHABLE_CODE = YES;
				CLANG_WARN__DUPLICATE_METHOD_MATCH = YES;
				COPY_PHASE_STRIP = NO;
				DEBUG_INFORMATION_FORMAT = dwarf;
				ENABLE_STRICT_OBJC_MSGSEND = YES;
				ENABLE_TESTABILITY = YES;
				GCC_C_LANGUAGE_STANDARD = gnu11;
				GCC_DYNAMIC_NO_PIC = NO;
				GCC_NO_COMMON_BLOCKS = YES;
				GCC_OPTIMIZATION_LEVEL = 0;
				GCC_PREPROCESSOR_DEFINITIONS = (
					"DEBUG=1",
					"$(inherited)",
				);
				GCC_WARN_64_TO_32_BIT_CONVERSION = YES;
				GCC_WARN_ABOUT_RETURN_TYPE = YES_ERROR;
				GCC_WARN_UNDECLARED_SELECTOR = YES;
				GCC_WARN_UNINITIALIZED_AUTOS = YES_AGGRESSIVE;
				GCC_WARN_UNUSED_FUNCTION = YES;
				GCC_WARN_UNUSED_VARIABLE = YES;
				IPHONEOS_DEPLOYMENT_TARGET = 16.2;
				MTL_ENABLE_DEBUG_INFO = INCLUDE_SOURCE;
				MTL_FAST_MATH = YES;
				ONLY_ACTIVE_ARCH = YES;
				SDKROOT = iphoneos;
				SWIFT_ACTIVE_COMPILATION_CONDITIONS = DEBUG;
				SWIFT_OPTIMIZATION_LEVEL = "-Onone";
			};
			name = Debug;
		};
		E1564DB129545D3500BD004A /* Release */ = {
			isa = XCBuildConfiguration;
			buildSettings = {
				ALWAYS_SEARCH_USER_PATHS = NO;
				CLANG_ANALYZER_NONNULL = YES;
				CLANG_ANALYZER_NUMBER_OBJECT_CONVERSION = YES_AGGRESSIVE;
				CLANG_CXX_LANGUAGE_STANDARD = "gnu++20";
				CLANG_ENABLE_MODULES = YES;
				CLANG_ENABLE_OBJC_ARC = YES;
				CLANG_ENABLE_OBJC_WEAK = YES;
				CLANG_WARN_BLOCK_CAPTURE_AUTORELEASING = YES;
				CLANG_WARN_BOOL_CONVERSION = YES;
				CLANG_WARN_COMMA = YES;
				CLANG_WARN_CONSTANT_CONVERSION = YES;
				CLANG_WARN_DEPRECATED_OBJC_IMPLEMENTATIONS = YES;
				CLANG_WARN_DIRECT_OBJC_ISA_USAGE = YES_ERROR;
				CLANG_WARN_DOCUMENTATION_COMMENTS = YES;
				CLANG_WARN_EMPTY_BODY = YES;
				CLANG_WARN_ENUM_CONVERSION = YES;
				CLANG_WARN_INFINITE_RECURSION = YES;
				CLANG_WARN_INT_CONVERSION = YES;
				CLANG_WARN_NON_LITERAL_NULL_CONVERSION = YES;
				CLANG_WARN_OBJC_IMPLICIT_RETAIN_SELF = YES;
				CLANG_WARN_OBJC_LITERAL_CONVERSION = YES;
				CLANG_WARN_OBJC_ROOT_CLASS = YES_ERROR;
				CLANG_WARN_QUOTED_INCLUDE_IN_FRAMEWORK_HEADER = YES;
				CLANG_WARN_RANGE_LOOP_ANALYSIS = YES;
				CLANG_WARN_STRICT_PROTOTYPES = YES;
				CLANG_WARN_SUSPICIOUS_MOVE = YES;
				CLANG_WARN_UNGUARDED_AVAILABILITY = YES_AGGRESSIVE;
				CLANG_WARN_UNREACHABLE_CODE = YES;
				CLANG_WARN__DUPLICATE_METHOD_MATCH = YES;
				COPY_PHASE_STRIP = NO;
				DEBUG_INFORMATION_FORMAT = "dwarf-with-dsym";
				ENABLE_NS_ASSERTIONS = NO;
				ENABLE_STRICT_OBJC_MSGSEND = YES;
				GCC_C_LANGUAGE_STANDARD = gnu11;
				GCC_NO_COMMON_BLOCKS = YES;
				GCC_WARN_64_TO_32_BIT_CONVERSION = YES;
				GCC_WARN_ABOUT_RETURN_TYPE = YES_ERROR;
				GCC_WARN_UNDECLARED_SELECTOR = YES;
				GCC_WARN_UNINITIALIZED_AUTOS = YES_AGGRESSIVE;
				GCC_WARN_UNUSED_FUNCTION = YES;
				GCC_WARN_UNUSED_VARIABLE = YES;
				IPHONEOS_DEPLOYMENT_TARGET = 16.2;
				MTL_ENABLE_DEBUG_INFO = NO;
				MTL_FAST_MATH = YES;
				SDKROOT = iphoneos;
				SWIFT_COMPILATION_MODE = wholemodule;
				SWIFT_OPTIMIZATION_LEVEL = "-O";
				VALIDATE_PRODUCT = YES;
			};
			name = Release;
		};
		E1564DB329545D3500BD004A /* Debug */ = {
			isa = XCBuildConfiguration;
			buildSettings = {
				ASSETCATALOG_COMPILER_APPICON_NAME = AppIcon;
				ASSETCATALOG_COMPILER_GLOBAL_ACCENT_COLOR_NAME = AccentColor;
				CODE_SIGN_STYLE = Automatic;
				CURRENT_PROJECT_VERSION = 1;
				DEVELOPMENT_TEAM = GTTH75B5CS;
				GENERATE_INFOPLIST_FILE = YES;
				INFOPLIST_FILE = "Swapi-MVC/Info.plist";
				INFOPLIST_KEY_UIApplicationSupportsIndirectInputEvents = YES;
				INFOPLIST_KEY_UILaunchStoryboardName = LaunchScreen;
				INFOPLIST_KEY_UIMainStoryboardFile = Main;
				INFOPLIST_KEY_UIStatusBarStyle = UIStatusBarStyleLightContent;
				INFOPLIST_KEY_UISupportedInterfaceOrientations_iPad = "UIInterfaceOrientationPortrait UIInterfaceOrientationPortraitUpsideDown UIInterfaceOrientationLandscapeLeft UIInterfaceOrientationLandscapeRight";
				INFOPLIST_KEY_UISupportedInterfaceOrientations_iPhone = "UIInterfaceOrientationPortrait UIInterfaceOrientationLandscapeLeft UIInterfaceOrientationLandscapeRight";
				LD_RUNPATH_SEARCH_PATHS = (
					"$(inherited)",
					"@executable_path/Frameworks",
				);
				MARKETING_VERSION = 1.0;
				PRODUCT_BUNDLE_IDENTIFIER = "jj.Swapi-MVC";
				PRODUCT_NAME = "$(TARGET_NAME)";
				SWIFT_EMIT_LOC_STRINGS = YES;
				SWIFT_VERSION = 5.0;
				TARGETED_DEVICE_FAMILY = "1,2";
			};
			name = Debug;
		};
		E1564DB429545D3500BD004A /* Release */ = {
			isa = XCBuildConfiguration;
			buildSettings = {
				ASSETCATALOG_COMPILER_APPICON_NAME = AppIcon;
				ASSETCATALOG_COMPILER_GLOBAL_ACCENT_COLOR_NAME = AccentColor;
				CODE_SIGN_STYLE = Automatic;
				CURRENT_PROJECT_VERSION = 1;
				DEVELOPMENT_TEAM = GTTH75B5CS;
				GENERATE_INFOPLIST_FILE = YES;
				INFOPLIST_FILE = "Swapi-MVC/Info.plist";
				INFOPLIST_KEY_UIApplicationSupportsIndirectInputEvents = YES;
				INFOPLIST_KEY_UILaunchStoryboardName = LaunchScreen;
				INFOPLIST_KEY_UIMainStoryboardFile = Main;
				INFOPLIST_KEY_UIStatusBarStyle = UIStatusBarStyleLightContent;
				INFOPLIST_KEY_UISupportedInterfaceOrientations_iPad = "UIInterfaceOrientationPortrait UIInterfaceOrientationPortraitUpsideDown UIInterfaceOrientationLandscapeLeft UIInterfaceOrientationLandscapeRight";
				INFOPLIST_KEY_UISupportedInterfaceOrientations_iPhone = "UIInterfaceOrientationPortrait UIInterfaceOrientationLandscapeLeft UIInterfaceOrientationLandscapeRight";
				LD_RUNPATH_SEARCH_PATHS = (
					"$(inherited)",
					"@executable_path/Frameworks",
				);
				MARKETING_VERSION = 1.0;
				PRODUCT_BUNDLE_IDENTIFIER = "jj.Swapi-MVC";
				PRODUCT_NAME = "$(TARGET_NAME)";
				SWIFT_EMIT_LOC_STRINGS = YES;
				SWIFT_VERSION = 5.0;
				TARGETED_DEVICE_FAMILY = "1,2";
			};
			name = Release;
		};
/* End XCBuildConfiguration section */

/* Begin XCConfigurationList section */
		E137C873295C37D0006F56A3 /* Build configuration list for PBXNativeTarget "Swapi-MVCTests" */ = {
			isa = XCConfigurationList;
			buildConfigurations = (
				E137C874295C37D0006F56A3 /* Debug */,
				E137C875295C37D0006F56A3 /* Release */,
			);
			defaultConfigurationIsVisible = 0;
			defaultConfigurationName = Release;
		};
		E1564D9929545D2E00BD004A /* Build configuration list for PBXProject "Swapi-MVC" */ = {
			isa = XCConfigurationList;
			buildConfigurations = (
				E1564DB029545D3500BD004A /* Debug */,
				E1564DB129545D3500BD004A /* Release */,
			);
			defaultConfigurationIsVisible = 0;
			defaultConfigurationName = Release;
		};
		E1564DB229545D3500BD004A /* Build configuration list for PBXNativeTarget "Swapi-MVC" */ = {
			isa = XCConfigurationList;
			buildConfigurations = (
				E1564DB329545D3500BD004A /* Debug */,
				E1564DB429545D3500BD004A /* Release */,
			);
			defaultConfigurationIsVisible = 0;
			defaultConfigurationName = Release;
		};
/* End XCConfigurationList section */
	};
	rootObject = E1564D9629545D2E00BD004A /* Project object */;
}
